
Microsoft Visual Studio Solution File, Format Version 12.00
# Visual Studio Version 16
VisualStudioVersion = 16.0.34931.43
MinimumVisualStudioVersion = 10.0.40219.1
Project("{FAE04EC0-301F-11D3-BF4B-00C04F79EFBC}") = "ConsoleApp21", "ConsoleApp21.csproj", "{37536AAC-0B6B-4C12-9936-9E873521265E}"
EndProject
Global
	GlobalSection(SolutionConfigurationPlatforms) = preSolution
		Debug|Any CPU = Debug|Any CPU
		Release|Any CPU = Release|Any CPU
	EndGlobalSection
	GlobalSection(ProjectConfigurationPlatforms) = postSolution
		{37536AAC-0B6B-4C12-9936-9E873521265E}.Debug|Any CPU.ActiveCfg = Debug|Any CPU
		{37536AAC-0B6B-4C12-9936-9E873521265E}.Debug|Any CPU.Build.0 = Debug|Any CPU
		{37536AAC-0B6B-4C12-9936-9E873521265E}.Release|Any CPU.ActiveCfg = Release|Any CPU
		{37536AAC-0B6B-4C12-9936-9E873521265E}.Release|Any CPU.Build.0 = Release|Any CPU
	EndGlobalSection
	GlobalSection(SolutionProperties) = preSolution
		HideSolutionNode = FALSE
	EndGlobalSection
	GlobalSection(ExtensibilityGlobals) = postSolution
		SolutionGuid = {54ACD7BE-03EC-4484-BA06-09754250B6EB}
	EndGlobalSection
EndGlobal
